// !$*UTF8*$!
{
	archiveVersion = 1;
	classes = {
	};
	objectVersion = 46;
	objects = {

/* Begin PBXBuildFile section */
		0175123B1549DC4600EACA59 /* UIKit.framework in Frameworks */ = {isa = PBXBuildFile; fileRef = 0175123A1549DC4600EACA59 /* UIKit.framework */; };
		0175123D1549DC4600EACA59 /* Foundation.framework in Frameworks */ = {isa = PBXBuildFile; fileRef = 0175123C1549DC4600EACA59 /* Foundation.framework */; };
		0175123F1549DC4600EACA59 /* CoreGraphics.framework in Frameworks */ = {isa = PBXBuildFile; fileRef = 0175123E1549DC4600EACA59 /* CoreGraphics.framework */; };
		017512451549DC4600EACA59 /* InfoPlist.strings in Resources */ = {isa = PBXBuildFile; fileRef = 017512431549DC4600EACA59 /* InfoPlist.strings */; };
		017512471549DC4600EACA59 /* main.m in Sources */ = {isa = PBXBuildFile; fileRef = 017512461549DC4600EACA59 /* main.m */; };
		0175124B1549DC4600EACA59 /* omAppDelegate.m in Sources */ = {isa = PBXBuildFile; fileRef = 0175124A1549DC4600EACA59 /* omAppDelegate.m */; };
		017512531549DC4600EACA59 /* SenTestingKit.framework in Frameworks */ = {isa = PBXBuildFile; fileRef = 017512521549DC4600EACA59 /* SenTestingKit.framework */; };
		017512541549DC4600EACA59 /* UIKit.framework in Frameworks */ = {isa = PBXBuildFile; fileRef = 0175123A1549DC4600EACA59 /* UIKit.framework */; };
		017512551549DC4600EACA59 /* Foundation.framework in Frameworks */ = {isa = PBXBuildFile; fileRef = 0175123C1549DC4600EACA59 /* Foundation.framework */; };
		0175125D1549DC4600EACA59 /* InfoPlist.strings in Resources */ = {isa = PBXBuildFile; fileRef = 0175125B1549DC4600EACA59 /* InfoPlist.strings */; };
		017512601549DC4700EACA59 /* StoryboardmojoTests.m in Sources */ = {isa = PBXBuildFile; fileRef = 0175125F1549DC4700EACA59 /* StoryboardmojoTests.m */; };
/* End PBXBuildFile section */

/* Begin PBXContainerItemProxy section */
		017512561549DC4600EACA59 /* PBXContainerItemProxy */ = {
			isa = PBXContainerItemProxy;
			containerPortal = 0175122D1549DC4600EACA59 /* Project object */;
			proxyType = 1;
			remoteGlobalIDString = 017512351549DC4600EACA59;
			remoteInfo = Storyboardmojo;
		};
/* End PBXContainerItemProxy section */

/* Begin PBXFileReference section */
		017512361549DC4600EACA59 /* Storyboardmojo.app */ = {isa = PBXFileReference; explicitFileType = wrapper.application; includeInIndex = 0; path = Storyboardmojo.app; sourceTree = BUILT_PRODUCTS_DIR; };
		0175123A1549DC4600EACA59 /* UIKit.framework */ = {isa = PBXFileReference; lastKnownFileType = wrapper.framework; name = UIKit.framework; path = System/Library/Frameworks/UIKit.framework; sourceTree = SDKROOT; };
		0175123C1549DC4600EACA59 /* Foundation.framework */ = {isa = PBXFileReference; lastKnownFileType = wrapper.framework; name = Foundation.framework; path = System/Library/Frameworks/Foundation.framework; sourceTree = SDKROOT; };
		0175123E1549DC4600EACA59 /* CoreGraphics.framework */ = {isa = PBXFileReference; lastKnownFileType = wrapper.framework; name = CoreGraphics.framework; path = System/Library/Frameworks/CoreGraphics.framework; sourceTree = SDKROOT; };
		017512421549DC4600EACA59 /* Storyboardmojo-Info.plist */ = {isa = PBXFileReference; path = "Storyboardmojo-Info.plist"; sourceTree = "<group>"; };
		017512441549DC4600EACA59 /* en */ = {isa = PBXFileReference; lastKnownFileType = text.plist.strings; name = en; path = en.lproj/InfoPlist.strings; sourceTree = "<group>"; };
		017512461549DC4600EACA59 /* main.m */ = {isa = PBXFileReference; lastKnownFileType = sourcecode.c.objc; path = main.m; sourceTree = "<group>"; };
		017512481549DC4600EACA59 /* Storyboardmojo-Prefix.pch */ = {isa = PBXFileReference; path = "Storyboardmojo-Prefix.pch"; sourceTree = "<group>"; };
		017512491549DC4600EACA59 /* omAppDelegate.h */ = {isa = PBXFileReference; path = omAppDelegate.h; sourceTree = "<group>"; };
		0175124A1549DC4600EACA59 /* omAppDelegate.m */ = {isa = PBXFileReference; lastKnownFileType = sourcecode.c.objc; path = omAppDelegate.m; sourceTree = "<group>"; };
		017512511549DC4600EACA59 /* StoryboardmojoTests.octest */ = {isa = PBXFileReference; explicitFileType = wrapper.cfbundle; includeInIndex = 0; path = StoryboardmojoTests.octest; sourceTree = BUILT_PRODUCTS_DIR; };
		017512521549DC4600EACA59 /* SenTestingKit.framework */ = {isa = PBXFileReference; lastKnownFileType = wrapper.framework; name = SenTestingKit.framework; path = Library/Frameworks/SenTestingKit.framework; sourceTree = DEVELOPER_DIR; };
		0175125A1549DC4600EACA59 /* StoryboardmojoTests-Info.plist */ = {isa = PBXFileReference; path = "StoryboardmojoTests-Info.plist"; sourceTree = "<group>"; };
		0175125C1549DC4600EACA59 /* en */ = {isa = PBXFileReference; lastKnownFileType = text.plist.strings; name = en; path = en.lproj/InfoPlist.strings; sourceTree = "<group>"; };
		0175125E1549DC4700EACA59 /* StoryboardmojoTests.h */ = {isa = PBXFileReference; path = StoryboardmojoTests.h; sourceTree = "<group>"; };
		0175125F1549DC4700EACA59 /* StoryboardmojoTests.m */ = {isa = PBXFileReference; lastKnownFileType = sourcecode.c.objc; path = StoryboardmojoTests.m; sourceTree = "<group>"; };
/* End PBXFileReference section */

/* Begin PBXFrameworksBuildPhase section */
		017512331549DC4600EACA59 /* Frameworks */ = {
			isa = PBXFrameworksBuildPhase;
			buildActionMask = 2147483647;
			files = (
				0175123B1549DC4600EACA59 /* UIKit.framework in Frameworks */,
				0175123D1549DC4600EACA59 /* Foundation.framework in Frameworks */,
				0175123F1549DC4600EACA59 /* CoreGraphics.framework in Frameworks */,
			);
			runOnlyForDeploymentPostprocessing = 0;
		};
		0175124D1549DC4600EACA59 /* Frameworks */ = {
			isa = PBXFrameworksBuildPhase;
			buildActionMask = 2147483647;
			files = (
				017512531549DC4600EACA59 /* SenTestingKit.framework in Frameworks */,
				017512541549DC4600EACA59 /* UIKit.framework in Frameworks */,
				017512551549DC4600EACA59 /* Foundation.framework in Frameworks */,
			);
			runOnlyForDeploymentPostprocessing = 0;
		};
/* End PBXFrameworksBuildPhase section */

/* Begin PBXGroup section */
		0175122B1549DC4600EACA59 = {
			isa = PBXGroup;
			children = (
				017512401549DC4600EACA59 /* Storyboardmojo */,
				017512581549DC4600EACA59 /* StoryboardmojoTests */,
				017512391549DC4600EACA59 /* Frameworks */,
				017512371549DC4600EACA59 /* Products */,
			);
			sourceTree = "<group>";
		};
		017512371549DC4600EACA59 /* Products */ = {
			isa = PBXGroup;
			children = (
				017512361549DC4600EACA59 /* Storyboardmojo.app */,
				017512511549DC4600EACA59 /* StoryboardmojoTests.octest */,
			);
			name = Products;
			sourceTree = "<group>";
		};
		017512391549DC4600EACA59 /* Frameworks */ = {
			isa = PBXGroup;
			children = (
				0175123A1549DC4600EACA59 /* UIKit.framework */,
				0175123C1549DC4600EACA59 /* Foundation.framework */,
				0175123E1549DC4600EACA59 /* CoreGraphics.framework */,
				017512521549DC4600EACA59 /* SenTestingKit.framework */,
			);
			name = Frameworks;
			sourceTree = "<group>";
		};
		017512401549DC4600EACA59 /* Storyboardmojo */ = {
			isa = PBXGroup;
			children = (
				017512491549DC4600EACA59 /* omAppDelegate.h */,
				0175124A1549DC4600EACA59 /* omAppDelegate.m */,
				017512411549DC4600EACA59 /* Supporting Files */,
			);
			path = Storyboardmojo;
			sourceTree = "<group>";
		};
		017512411549DC4600EACA59 /* Supporting Files */ = {
			isa = PBXGroup;
			children = (
				017512421549DC4600EACA59 /* Storyboardmojo-Info.plist */,
				017512431549DC4600EACA59 /* InfoPlist.strings */,
				017512461549DC4600EACA59 /* main.m */,
				017512481549DC4600EACA59 /* Storyboardmojo-Prefix.pch */,
			);
			name = "Supporting Files";
			sourceTree = "<group>";
		};
		017512581549DC4600EACA59 /* StoryboardmojoTests */ = {
			isa = PBXGroup;
			children = (
				0175125E1549DC4700EACA59 /* StoryboardmojoTests.h */,
				0175125F1549DC4700EACA59 /* StoryboardmojoTests.m */,
				017512591549DC4600EACA59 /* Supporting Files */,
			);
			path = StoryboardmojoTests;
			sourceTree = "<group>";
		};
		017512591549DC4600EACA59 /* Supporting Files */ = {
			isa = PBXGroup;
			children = (
				0175125A1549DC4600EACA59 /* StoryboardmojoTests-Info.plist */,
				0175125B1549DC4600EACA59 /* InfoPlist.strings */,
			);
			name = "Supporting Files";
			sourceTree = "<group>";
		};
/* End PBXGroup section */

/* Begin PBXNativeTarget section */
		017512351549DC4600EACA59 /* Storyboardmojo */ = {
			isa = PBXNativeTarget;
			buildConfigurationList = 017512631549DC4700EACA59 /* Build configuration list for PBXNativeTarget "Storyboardmojo" */;
			buildPhases = (
				017512321549DC4600EACA59 /* Sources */,
				017512331549DC4600EACA59 /* Frameworks */,
				017512341549DC4600EACA59 /* Resources */,
			);
			buildRules = (
			);
			dependencies = (
			);
			name = Storyboardmojo;
			productName = Storyboardmojo;
			productReference = 017512361549DC4600EACA59 /* Storyboardmojo.app */;
			productType = "com.apple.product-type.application";
		};
		017512501549DC4600EACA59 /* StoryboardmojoTests */ = {
			isa = PBXNativeTarget;
			buildConfigurationList = 017512661549DC4700EACA59 /* Build configuration list for PBXNativeTarget "StoryboardmojoTests" */;
			buildPhases = (
				0175124C1549DC4600EACA59 /* Sources */,
				0175124D1549DC4600EACA59 /* Frameworks */,
				0175124E1549DC4600EACA59 /* Resources */,
				0175124F1549DC4600EACA59 /* ShellScript */,
			);
			buildRules = (
			);
			dependencies = (
				017512571549DC4600EACA59 /* PBXTargetDependency */,
			);
			name = StoryboardmojoTests;
			productName = StoryboardmojoTests;
			productReference = 017512511549DC4600EACA59 /* StoryboardmojoTests.octest */;
			productType = "com.apple.product-type.bundle";
		};
/* End PBXNativeTarget section */

/* Begin PBXProject section */
		0175122D1549DC4600EACA59 /* Project object */ = {
			isa = PBXProject;
			attributes = {
				CLASSPREFIX = om;
				LastUpgradeCheck = 0430;
				ORGANIZATIONNAME = "Outright Mental";
			};
			buildConfigurationList = 017512301549DC4600EACA59 /* Build configuration list for PBXProject "Storyboardmojo" */;
			compatibilityVersion = "Xcode 3.2";
			developmentRegion = English;
			hasScannedForEncodings = 0;
			knownRegions = (
				en,
			);
			mainGroup = 0175122B1549DC4600EACA59;
			productRefGroup = 017512371549DC4600EACA59 /* Products */;
			projectDirPath = "";
			projectRoot = "";
			targets = (
				017512351549DC4600EACA59 /* Storyboardmojo */,
				017512501549DC4600EACA59 /* StoryboardmojoTests */,
			);
		};
/* End PBXProject section */

/* Begin PBXResourcesBuildPhase section */
		017512341549DC4600EACA59 /* Resources */ = {
			isa = PBXResourcesBuildPhase;
			buildActionMask = 2147483647;
			files = (
				017512451549DC4600EACA59 /* InfoPlist.strings in Resources */,
			);
			runOnlyForDeploymentPostprocessing = 0;
		};
		0175124E1549DC4600EACA59 /* Resources */ = {
			isa = PBXResourcesBuildPhase;
			buildActionMask = 2147483647;
			files = (
				0175125D1549DC4600EACA59 /* InfoPlist.strings in Resources */,
			);
			runOnlyForDeploymentPostprocessing = 0;
		};
/* End PBXResourcesBuildPhase section */

/* Begin PBXShellScriptBuildPhase section */
		0175124F1549DC4600EACA59 /* ShellScript */ = {
			isa = PBXShellScriptBuildPhase;
			buildActionMask = 2147483647;
			files = (
			);
			inputPaths = (
			);
			outputPaths = (
			);
			runOnlyForDeploymentPostprocessing = 0;
			shellPath = /bin/sh;
			shellScript = "# Run the unit tests in this test bundle.\n\"${SYSTEM_DEVELOPER_DIR}/Tools/RunUnitTests\"\n";
		};
/* End PBXShellScriptBuildPhase section */

/* Begin PBXSourcesBuildPhase section */
		017512321549DC4600EACA59 /* Sources */ = {
			isa = PBXSourcesBuildPhase;
			buildActionMask = 2147483647;
			files = (
				017512471549DC4600EACA59 /* main.m in Sources */,
				0175124B1549DC4600EACA59 /* omAppDelegate.m in Sources */,
			);
			runOnlyForDeploymentPostprocessing = 0;
		};
		0175124C1549DC4600EACA59 /* Sources */ = {
			isa = PBXSourcesBuildPhase;
			buildActionMask = 2147483647;
			files = (
				017512601549DC4700EACA59 /* StoryboardmojoTests.m in Sources */,
			);
			runOnlyForDeploymentPostprocessing = 0;
		};
/* End PBXSourcesBuildPhase section */

/* Begin PBXTargetDependency section */
		017512571549DC4600EACA59 /* PBXTargetDependency */ = {
			isa = PBXTargetDependency;
			target = 017512351549DC4600EACA59 /* Storyboardmojo */;
			targetProxy = 017512561549DC4600EACA59 /* PBXContainerItemProxy */;
		};
/* End PBXTargetDependency section */

/* Begin PBXVariantGroup section */
		017512431549DC4600EACA59 /* InfoPlist.strings */ = {
			isa = PBXVariantGroup;
			children = (
				017512441549DC4600EACA59 /* en */,
			);
			name = InfoPlist.strings;
			sourceTree = "<group>";
		};
		0175125B1549DC4600EACA59 /* InfoPlist.strings */ = {
			isa = PBXVariantGroup;
			children = (
				0175125C1549DC4600EACA59 /* en */,
			);
			name = InfoPlist.strings;
			sourceTree = "<group>";
		};
/* End PBXVariantGroup section */

/* Begin XCBuildConfiguration section */
		017512611549DC4700EACA59 /* Debug */ = {
			isa = XCBuildConfiguration;
			buildSettings = {
				ALWAYS_SEARCH_USER_PATHS = NO;
				ARCHS = "$(ARCHS_STANDARD_32_BIT)";
				CLANG_ENABLE_OBJC_ARC = YES;
				"CODE_SIGN_IDENTITY[sdk=iphoneos*]" = "iPhone Developer";
				COPY_PHASE_STRIP = NO;
				GCC_C_LANGUAGE_STANDARD = gnu99;
				GCC_DYNAMIC_NO_PIC = NO;
				GCC_OPTIMIZATION_LEVEL = 0;
				GCC_PREPROCESSOR_DEFINITIONS = (
					"DEBUG=1",
					"$(inherited)",
				);
				GCC_SYMBOLS_PRIVATE_EXTERN = NO;
				GCC_VERSION = com.apple.compilers.llvm.clang.1_0;
				GCC_WARN_ABOUT_RETURN_TYPE = YES;
				GCC_WARN_UNINITIALIZED_AUTOS = YES;
				GCC_WARN_UNUSED_VARIABLE = YES;
				IPHONEOS_DEPLOYMENT_TARGET = 5.1;
				SDKROOT = iphoneos;
			};
			name = Debug;
		};
		017512621549DC4700EACA59 /* Release */ = {
			isa = XCBuildConfiguration;
			buildSettings = {
				ALWAYS_SEARCH_USER_PATHS = NO;
				ARCHS = "$(ARCHS_STANDARD_32_BIT)";
				CLANG_ENABLE_OBJC_ARC = YES;
				"CODE_SIGN_IDENTITY[sdk=iphoneos*]" = "iPhone Developer";
				COPY_PHASE_STRIP = YES;
				GCC_C_LANGUAGE_STANDARD = gnu99;
				GCC_VERSION = com.apple.compilers.llvm.clang.1_0;
				GCC_WARN_ABOUT_RETURN_TYPE = YES;
				GCC_WARN_UNINITIALIZED_AUTOS = YES;
				GCC_WARN_UNUSED_VARIABLE = YES;
				IPHONEOS_DEPLOYMENT_TARGET = 5.1;
				OTHER_CFLAGS = "-DNS_BLOCK_ASSERTIONS=1";
				SDKROOT = iphoneos;
				VALIDATE_PRODUCT = YES;
			};
			name = Release;
		};
		017512641549DC4700EACA59 /* Debug */ = {
			isa = XCBuildConfiguration;
			buildSettings = {
				GCC_PRECOMPILE_PREFIX_HEADER = YES;
				GCC_PREFIX_HEADER = "Storyboardmojo/Storyboardmojo-Prefix.pch";
				INFOPLIST_FILE = "Storyboardmojo/Storyboardmojo-Info.plist";
				PRODUCT_NAME = "$(TARGET_NAME)";
				WRAPPER_EXTENSION = app;
			};
			name = Debug;
		};
		017512651549DC4700EACA59 /* Release */ = {
			isa = XCBuildConfiguration;
			buildSettings = {
				GCC_PRECOMPILE_PREFIX_HEADER = YES;
				GCC_PREFIX_HEADER = "Storyboardmojo/Storyboardmojo-Prefix.pch";
				INFOPLIST_FILE = "Storyboardmojo/Storyboardmojo-Info.plist";
				PRODUCT_NAME = "$(TARGET_NAME)";
				WRAPPER_EXTENSION = app;
			};
			name = Release;
		};
		017512671549DC4700EACA59 /* Debug */ = {
			isa = XCBuildConfiguration;
			buildSettings = {
				BUNDLE_LOADER = "$(BUILT_PRODUCTS_DIR)/Storyboardmojo.app/Storyboardmojo";
				FRAMEWORK_SEARCH_PATHS = (
					"$(SDKROOT)/Developer/Library/Frameworks",
					"$(DEVELOPER_LIBRARY_DIR)/Frameworks",
				);
				GCC_PRECOMPILE_PREFIX_HEADER = YES;
				GCC_PREFIX_HEADER = "Storyboardmojo/Storyboardmojo-Prefix.pch";
				INFOPLIST_FILE = "StoryboardmojoTests/StoryboardmojoTests-Info.plist";
				PRODUCT_NAME = "$(TARGET_NAME)";
				TEST_HOST = "$(BUNDLE_LOADER)";
				WRAPPER_EXTENSION = octest;
			};
			name = Debug;
		};
		017512681549DC4700EACA59 /* Release */ = {
			isa = XCBuildConfiguration;
			buildSettings = {
				BUNDLE_LOADER = "$(BUILT_PRODUCTS_DIR)/Storyboardmojo.app/Storyboardmojo";
				FRAMEWORK_SEARCH_PATHS = (
					"$(SDKROOT)/Developer/Library/Frameworks",
					"$(DEVELOPER_LIBRARY_DIR)/Frameworks",
				);
				GCC_PRECOMPILE_PREFIX_HEADER = YES;
				GCC_PREFIX_HEADER = "Storyboardmojo/Storyboardmojo-Prefix.pch";
				INFOPLIST_FILE = "StoryboardmojoTests/StoryboardmojoTests-Info.plist";
				PRODUCT_NAME = "$(TARGET_NAME)";
				TEST_HOST = "$(BUNDLE_LOADER)";
				WRAPPER_EXTENSION = octest;
			};
			name = Release;
		};
/* End XCBuildConfiguration section */

/* Begin XCConfigurationList section */
		017512301549DC4600EACA59 /* Build configuration list for PBXProject "Storyboardmojo" */ = {
			isa = XCConfigurationList;
			buildConfigurations = (
				017512611549DC4700EACA59 /* Debug */,
				017512621549DC4700EACA59 /* Release */,
			);
			defaultConfigurationIsVisible = 0;
			defaultConfigurationName = Release;
		};
		017512631549DC4700EACA59 /* Build configuration list for PBXNativeTarget "Storyboardmojo" */ = {
			isa = XCConfigurationList;
			buildConfigurations = (
				017512641549DC4700EACA59 /* Debug */,
				017512651549DC4700EACA59 /* Release */,
			);
			defaultConfigurationIsVisible = 0;
		};
		017512661549DC4700EACA59 /* Build configuration list for PBXNativeTarget "StoryboardmojoTests" */ = {
			isa = XCConfigurationList;
			buildConfigurations = (
				017512671549DC4700EACA59 /* Debug */,
				017512681549DC4700EACA59 /* Release */,
			);
			defaultConfigurationIsVisible = 0;
		};
/* End XCConfigurationList section */
	};
	rootObject = 0175122D1549DC4600EACA59 /* Project object */;
}
