// !$*UTF8*$!
{
	archiveVersion = 1;
	classes = {
	};
	objectVersion = 46;
	objects = {

/* Begin PBXBuildFile section */
		87005BB3153E02FF00996480 /* MainWindow.xib in Resources */ = {isa = PBXBuildFile; fileRef = 87005BB2153E02FF00996480 /* MainWindow.xib */; };
		87005BB4153E02FF00996480 /* MainWindow.xib in Resources */ = {isa = PBXBuildFile; fileRef = 87005BB2153E02FF00996480 /* MainWindow.xib */; };
		87005BBA153E05B600996480 /* omMaster.m in Sources */ = {isa = PBXBuildFile; fileRef = 87005BB9153E05B600996480 /* omMaster.m */; };
		87005BBB153E05B600996480 /* omMaster.m in Sources */ = {isa = PBXBuildFile; fileRef = 87005BB9153E05B600996480 /* omMaster.m */; };
		87005BBF153E10A900996480 /* books.plist in Resources */ = {isa = PBXBuildFile; fileRef = 87005BBE153E10A900996480 /* books.plist */; };
		87005BC0153E10A900996480 /* books.plist in Resources */ = {isa = PBXBuildFile; fileRef = 87005BBE153E10A900996480 /* books.plist */; };
		87D059C5153DC8A800F2ABDA /* UIKit.framework in Frameworks */ = {isa = PBXBuildFile; fileRef = 87D059C4153DC8A800F2ABDA /* UIKit.framework */; };
		87D059C7153DC8A800F2ABDA /* Foundation.framework in Frameworks */ = {isa = PBXBuildFile; fileRef = 87D059C6153DC8A800F2ABDA /* Foundation.framework */; };
		87D059C9153DC8A800F2ABDA /* CoreGraphics.framework in Frameworks */ = {isa = PBXBuildFile; fileRef = 87D059C8153DC8A800F2ABDA /* CoreGraphics.framework */; };
		87D059CF153DC8A800F2ABDA /* InfoPlist.strings in Resources */ = {isa = PBXBuildFile; fileRef = 87D059CD153DC8A800F2ABDA /* InfoPlist.strings */; };
		87D059D1153DC8A800F2ABDA /* main.m in Sources */ = {isa = PBXBuildFile; fileRef = 87D059D0153DC8A800F2ABDA /* main.m */; };
		87D059D5153DC8A800F2ABDA /* omAppDelegate.m in Sources */ = {isa = PBXBuildFile; fileRef = 87D059D4153DC8A800F2ABDA /* omAppDelegate.m */; };
		87D059D8153DC8A800F2ABDA /* omViewController.m in Sources */ = {isa = PBXBuildFile; fileRef = 87D059D7153DC8A800F2ABDA /* omViewController.m */; };
		87D059E3153DC8A800F2ABDA /* SenTestingKit.framework in Frameworks */ = {isa = PBXBuildFile; fileRef = 87D059E2153DC8A800F2ABDA /* SenTestingKit.framework */; };
		87D059E4153DC8A800F2ABDA /* UIKit.framework in Frameworks */ = {isa = PBXBuildFile; fileRef = 87D059C4153DC8A800F2ABDA /* UIKit.framework */; };
		87D059E5153DC8A800F2ABDA /* Foundation.framework in Frameworks */ = {isa = PBXBuildFile; fileRef = 87D059C6153DC8A800F2ABDA /* Foundation.framework */; };
		87D059ED153DC8A800F2ABDA /* InfoPlist.strings in Resources */ = {isa = PBXBuildFile; fileRef = 87D059EB153DC8A800F2ABDA /* InfoPlist.strings */; };
		87D059F0153DC8A800F2ABDA /* table_testTests.m in Sources */ = {isa = PBXBuildFile; fileRef = 87D059EF153DC8A800F2ABDA /* table_testTests.m */; };
		87D059FB153DC9FA00F2ABDA /* omTableView.m in Sources */ = {isa = PBXBuildFile; fileRef = 87D059FA153DC9FA00F2ABDA /* omTableView.m */; };
		87D059FC153DC9FA00F2ABDA /* omTableView.m in Sources */ = {isa = PBXBuildFile; fileRef = 87D059FA153DC9FA00F2ABDA /* omTableView.m */; };
		87D05A07153DDADD00F2ABDA /* Crashlytics.framework in Frameworks */ = {isa = PBXBuildFile; fileRef = 87D05A06153DDADD00F2ABDA /* Crashlytics.framework */; };
		87D05A08153DDADD00F2ABDA /* Crashlytics.framework in Frameworks */ = {isa = PBXBuildFile; fileRef = 87D05A06153DDADD00F2ABDA /* Crashlytics.framework */; };
		87D05A0A153DDC8800F2ABDA /* omTableView.xib in Resources */ = {isa = PBXBuildFile; fileRef = 87D05A09153DDC8800F2ABDA /* omTableView.xib */; };
		87D05A0B153DDC8800F2ABDA /* omTableView.xib in Resources */ = {isa = PBXBuildFile; fileRef = 87D05A09153DDC8800F2ABDA /* omTableView.xib */; };
/* End PBXBuildFile section */

/* Begin PBXContainerItemProxy section */
		87D059E6153DC8A800F2ABDA /* PBXContainerItemProxy */ = {
			isa = PBXContainerItemProxy;
			containerPortal = 87D059B7153DC8A800F2ABDA /* Project object */;
			proxyType = 1;
			remoteGlobalIDString = 87D059BF153DC8A800F2ABDA;
			remoteInfo = "table test";
		};
/* End PBXContainerItemProxy section */

/* Begin PBXFileReference section */
		87005BB2153E02FF00996480 /* MainWindow.xib */ = {isa = PBXFileReference; fileEncoding = 4; lastKnownFileType = file.xib; name = MainWindow.xib; path = "table test/MainWindow.xib"; sourceTree = "<group>"; };
		87005BB8153E05B600996480 /* omMaster.h */ = {isa = PBXFileReference; fileEncoding = 4; lastKnownFileType = sourcecode.c.h; path = omMaster.h; sourceTree = "<group>"; };
		87005BB9153E05B600996480 /* omMaster.m */ = {isa = PBXFileReference; fileEncoding = 4; lastKnownFileType = sourcecode.c.objc; path = omMaster.m; sourceTree = "<group>"; };
		87005BBC153E093B00996480 /* constants.h */ = {isa = PBXFileReference; fileEncoding = 4; lastKnownFileType = sourcecode.c.h; path = constants.h; sourceTree = "<group>"; };
		87005BBD153E0A2B00996480 /* global.h */ = {isa = PBXFileReference; lastKnownFileType = sourcecode.c.h; path = global.h; sourceTree = "<group>"; };
		87005BBE153E10A900996480 /* books.plist */ = {isa = PBXFileReference; fileEncoding = 4; lastKnownFileType = text.plist.xml; name = books.plist; path = "table test/books.plist"; sourceTree = "<group>"; };
		87D059C0153DC8A800F2ABDA /* table test.app */ = {isa = PBXFileReference; explicitFileType = wrapper.application; includeInIndex = 0; path = "table test.app"; sourceTree = BUILT_PRODUCTS_DIR; };
		87D059C4153DC8A800F2ABDA /* UIKit.framework */ = {isa = PBXFileReference; lastKnownFileType = wrapper.framework; name = UIKit.framework; path = System/Library/Frameworks/UIKit.framework; sourceTree = SDKROOT; };
		87D059C6153DC8A800F2ABDA /* Foundation.framework */ = {isa = PBXFileReference; lastKnownFileType = wrapper.framework; name = Foundation.framework; path = System/Library/Frameworks/Foundation.framework; sourceTree = SDKROOT; };
		87D059C8153DC8A800F2ABDA /* CoreGraphics.framework */ = {isa = PBXFileReference; lastKnownFileType = wrapper.framework; name = CoreGraphics.framework; path = System/Library/Frameworks/CoreGraphics.framework; sourceTree = SDKROOT; };
		87D059CC153DC8A800F2ABDA /* table test-Info.plist */ = {isa = PBXFileReference; lastKnownFileType = text.plist.xml; path = "table test-Info.plist"; sourceTree = "<group>"; };
		87D059CE153DC8A800F2ABDA /* en */ = {isa = PBXFileReference; lastKnownFileType = text.plist.strings; name = en; path = en.lproj/InfoPlist.strings; sourceTree = "<group>"; };
		87D059D0153DC8A800F2ABDA /* main.m */ = {isa = PBXFileReference; lastKnownFileType = sourcecode.c.objc; path = main.m; sourceTree = "<group>"; };
		87D059D2153DC8A800F2ABDA /* table test-Prefix.pch */ = {isa = PBXFileReference; lastKnownFileType = sourcecode.c.h; path = "table test-Prefix.pch"; sourceTree = "<group>"; };
		87D059D3153DC8A800F2ABDA /* omAppDelegate.h */ = {isa = PBXFileReference; lastKnownFileType = sourcecode.c.h; path = omAppDelegate.h; sourceTree = "<group>"; };
		87D059D4153DC8A800F2ABDA /* omAppDelegate.m */ = {isa = PBXFileReference; lastKnownFileType = sourcecode.c.objc; path = omAppDelegate.m; sourceTree = "<group>"; };
		87D059D6153DC8A800F2ABDA /* omViewController.h */ = {isa = PBXFileReference; lastKnownFileType = sourcecode.c.h; path = omViewController.h; sourceTree = "<group>"; };
		87D059D7153DC8A800F2ABDA /* omViewController.m */ = {isa = PBXFileReference; lastKnownFileType = sourcecode.c.objc; path = omViewController.m; sourceTree = "<group>"; };
		87D059E1153DC8A800F2ABDA /* table testTests.octest */ = {isa = PBXFileReference; explicitFileType = wrapper.cfbundle; includeInIndex = 0; path = "table testTests.octest"; sourceTree = BUILT_PRODUCTS_DIR; };
		87D059E2153DC8A800F2ABDA /* SenTestingKit.framework */ = {isa = PBXFileReference; lastKnownFileType = wrapper.framework; name = SenTestingKit.framework; path = Library/Frameworks/SenTestingKit.framework; sourceTree = DEVELOPER_DIR; };
		87D059EA153DC8A800F2ABDA /* table testTests-Info.plist */ = {isa = PBXFileReference; lastKnownFileType = text.plist.xml; path = "table testTests-Info.plist"; sourceTree = "<group>"; };
		87D059EC153DC8A800F2ABDA /* en */ = {isa = PBXFileReference; lastKnownFileType = text.plist.strings; name = en; path = en.lproj/InfoPlist.strings; sourceTree = "<group>"; };
		87D059EE153DC8A800F2ABDA /* table_testTests.h */ = {isa = PBXFileReference; lastKnownFileType = sourcecode.c.h; path = table_testTests.h; sourceTree = "<group>"; };
		87D059EF153DC8A800F2ABDA /* table_testTests.m */ = {isa = PBXFileReference; lastKnownFileType = sourcecode.c.objc; path = table_testTests.m; sourceTree = "<group>"; };
		87D059F9153DC9FA00F2ABDA /* omTableView.h */ = {isa = PBXFileReference; fileEncoding = 4; lastKnownFileType = sourcecode.c.h; path = omTableView.h; sourceTree = "<group>"; };
		87D059FA153DC9FA00F2ABDA /* omTableView.m */ = {isa = PBXFileReference; fileEncoding = 4; lastKnownFileType = sourcecode.c.objc; path = omTableView.m; sourceTree = "<group>"; };
		87D05A06153DDADD00F2ABDA /* Crashlytics.framework */ = {isa = PBXFileReference; lastKnownFileType = wrapper.framework; path = Crashlytics.framework; sourceTree = "<group>"; };
		87D05A09153DDC8800F2ABDA /* omTableView.xib */ = {isa = PBXFileReference; fileEncoding = 4; lastKnownFileType = file.xib; name = omTableView.xib; path = "table test/omTableView.xib"; sourceTree = "<group>"; };
/* End PBXFileReference section */

/* Begin PBXFrameworksBuildPhase section */
		87D059BD153DC8A800F2ABDA /* Frameworks */ = {
			isa = PBXFrameworksBuildPhase;
			buildActionMask = 2147483647;
			files = (
				87D059C5153DC8A800F2ABDA /* UIKit.framework in Frameworks */,
				87D059C7153DC8A800F2ABDA /* Foundation.framework in Frameworks */,
				87D059C9153DC8A800F2ABDA /* CoreGraphics.framework in Frameworks */,
				87D05A07153DDADD00F2ABDA /* Crashlytics.framework in Frameworks */,
			);
			runOnlyForDeploymentPostprocessing = 0;
		};
		87D059DD153DC8A800F2ABDA /* Frameworks */ = {
			isa = PBXFrameworksBuildPhase;
			buildActionMask = 2147483647;
			files = (
				87D059E3153DC8A800F2ABDA /* SenTestingKit.framework in Frameworks */,
				87D059E4153DC8A800F2ABDA /* UIKit.framework in Frameworks */,
				87D059E5153DC8A800F2ABDA /* Foundation.framework in Frameworks */,
				87D05A08153DDADD00F2ABDA /* Crashlytics.framework in Frameworks */,
			);
			runOnlyForDeploymentPostprocessing = 0;
		};
/* End PBXFrameworksBuildPhase section */

/* Begin PBXGroup section */
		87005BB1153E023800996480 /* Resources */ = {
			isa = PBXGroup;
			children = (
				87005BBE153E10A900996480 /* books.plist */,
				87D05A09153DDC8800F2ABDA /* omTableView.xib */,
				87005BB2153E02FF00996480 /* MainWindow.xib */,
			);
			name = Resources;
			sourceTree = "<group>";
		};
		87D059B5153DC8A800F2ABDA = {
			isa = PBXGroup;
			children = (
				87005BB1153E023800996480 /* Resources */,
				87D059CB153DC8A800F2ABDA /* Supporting Files */,
				87D059CA153DC8A800F2ABDA /* Classes */,
				87D059E8153DC8A800F2ABDA /* table testTests */,
				87D059C3153DC8A800F2ABDA /* Frameworks */,
				87D059C1153DC8A800F2ABDA /* Products */,
			);
			sourceTree = "<group>";
		};
		87D059C1153DC8A800F2ABDA /* Products */ = {
			isa = PBXGroup;
			children = (
				87D059C0153DC8A800F2ABDA /* table test.app */,
				87D059E1153DC8A800F2ABDA /* table testTests.octest */,
			);
			name = Products;
			sourceTree = "<group>";
		};
		87D059C3153DC8A800F2ABDA /* Frameworks */ = {
			isa = PBXGroup;
			children = (
				87D05A06153DDADD00F2ABDA /* Crashlytics.framework */,
				87D059C4153DC8A800F2ABDA /* UIKit.framework */,
				87D059C6153DC8A800F2ABDA /* Foundation.framework */,
				87D059C8153DC8A800F2ABDA /* CoreGraphics.framework */,
				87D059E2153DC8A800F2ABDA /* SenTestingKit.framework */,
			);
			name = Frameworks;
			sourceTree = "<group>";
		};
		87D059CA153DC8A800F2ABDA /* Classes */ = {
			isa = PBXGroup;
			children = (
				87D059D3153DC8A800F2ABDA /* omAppDelegate.h */,
				87D059D4153DC8A800F2ABDA /* omAppDelegate.m */,
				87D059D6153DC8A800F2ABDA /* omViewController.h */,
				87D059D7153DC8A800F2ABDA /* omViewController.m */,
				87D059F9153DC9FA00F2ABDA /* omTableView.h */,
				87D059FA153DC9FA00F2ABDA /* omTableView.m */,
				87005BB8153E05B600996480 /* omMaster.h */,
				87005BB9153E05B600996480 /* omMaster.m */,
			);
			name = Classes;
			path = "table test";
			sourceTree = "<group>";
		};
		87D059CB153DC8A800F2ABDA /* Supporting Files */ = {
			isa = PBXGroup;
			children = (
				87D059CC153DC8A800F2ABDA /* table test-Info.plist */,
				87D059CD153DC8A800F2ABDA /* InfoPlist.strings */,
				87D059D0153DC8A800F2ABDA /* main.m */,
				87D059D2153DC8A800F2ABDA /* table test-Prefix.pch */,
				87005BBC153E093B00996480 /* constants.h */,
				87005BBD153E0A2B00996480 /* global.h */,
			);
			name = "Supporting Files";
			path = "table test";
			sourceTree = "<group>";
		};
		87D059E8153DC8A800F2ABDA /* table testTests */ = {
			isa = PBXGroup;
			children = (
				87D059EE153DC8A800F2ABDA /* table_testTests.h */,
				87D059EF153DC8A800F2ABDA /* table_testTests.m */,
				87D059E9153DC8A800F2ABDA /* Supporting Files */,
			);
			path = "table testTests";
			sourceTree = "<group>";
		};
		87D059E9153DC8A800F2ABDA /* Supporting Files */ = {
			isa = PBXGroup;
			children = (
				87D059EA153DC8A800F2ABDA /* table testTests-Info.plist */,
				87D059EB153DC8A800F2ABDA /* InfoPlist.strings */,
			);
			name = "Supporting Files";
			sourceTree = "<group>";
		};
/* End PBXGroup section */

/* Begin PBXNativeTarget section */
		87D059BF153DC8A800F2ABDA /* table test */ = {
			isa = PBXNativeTarget;
			buildConfigurationList = 87D059F3153DC8A800F2ABDA /* Build configuration list for PBXNativeTarget "table test" */;
			buildPhases = (
				87D059BC153DC8A800F2ABDA /* Sources */,
				87D059BD153DC8A800F2ABDA /* Frameworks */,
				87D059BE153DC8A800F2ABDA /* Resources */,
				87D05A05153DDAC200F2ABDA /* ShellScript */,
			);
			buildRules = (
			);
			dependencies = (
			);
			name = "table test";
			productName = "table test";
			productReference = 87D059C0153DC8A800F2ABDA /* table test.app */;
			productType = "com.apple.product-type.application";
		};
		87D059E0153DC8A800F2ABDA /* table testTests */ = {
			isa = PBXNativeTarget;
			buildConfigurationList = 87D059F6153DC8A800F2ABDA /* Build configuration list for PBXNativeTarget "table testTests" */;
			buildPhases = (
				87D059DC153DC8A800F2ABDA /* Sources */,
				87D059DD153DC8A800F2ABDA /* Frameworks */,
				87D059DE153DC8A800F2ABDA /* Resources */,
				87D059DF153DC8A800F2ABDA /* ShellScript */,
			);
			buildRules = (
			);
			dependencies = (
				87D059E7153DC8A800F2ABDA /* PBXTargetDependency */,
			);
			name = "table testTests";
			productName = "table testTests";
			productReference = 87D059E1153DC8A800F2ABDA /* table testTests.octest */;
			productType = "com.apple.product-type.bundle";
		};
/* End PBXNativeTarget section */

/* Begin PBXProject section */
		87D059B7153DC8A800F2ABDA /* Project object */ = {
			isa = PBXProject;
			attributes = {
				CLASSPREFIX = om;
				LastUpgradeCheck = 0430;
				ORGANIZATIONNAME = "Outright Mental";
			};
			buildConfigurationList = 87D059BA153DC8A800F2ABDA /* Build configuration list for PBXProject "table test" */;
			compatibilityVersion = "Xcode 3.2";
			developmentRegion = English;
			hasScannedForEncodings = 0;
			knownRegions = (
				en,
			);
			mainGroup = 87D059B5153DC8A800F2ABDA;
			productRefGroup = 87D059C1153DC8A800F2ABDA /* Products */;
			projectDirPath = "";
			projectRoot = "";
			targets = (
				87D059BF153DC8A800F2ABDA /* table test */,
				87D059E0153DC8A800F2ABDA /* table testTests */,
			);
		};
/* End PBXProject section */

/* Begin PBXResourcesBuildPhase section */
		87D059BE153DC8A800F2ABDA /* Resources */ = {
			isa = PBXResourcesBuildPhase;
			buildActionMask = 2147483647;
			files = (
				87D059CF153DC8A800F2ABDA /* InfoPlist.strings in Resources */,
				87D05A0A153DDC8800F2ABDA /* omTableView.xib in Resources */,
				87005BB3153E02FF00996480 /* MainWindow.xib in Resources */,
				87005BBF153E10A900996480 /* books.plist in Resources */,
			);
			runOnlyForDeploymentPostprocessing = 0;
		};
		87D059DE153DC8A800F2ABDA /* Resources */ = {
			isa = PBXResourcesBuildPhase;
			buildActionMask = 2147483647;
			files = (
				87D059ED153DC8A800F2ABDA /* InfoPlist.strings in Resources */,
				87D05A0B153DDC8800F2ABDA /* omTableView.xib in Resources */,
				87005BB4153E02FF00996480 /* MainWindow.xib in Resources */,
				87005BC0153E10A900996480 /* books.plist in Resources */,
			);
			runOnlyForDeploymentPostprocessing = 0;
		};
/* End PBXResourcesBuildPhase section */

/* Begin PBXShellScriptBuildPhase section */
		87D059DF153DC8A800F2ABDA /* ShellScript */ = {
			isa = PBXShellScriptBuildPhase;
			buildActionMask = 2147483647;
			files = (
			);
			inputPaths = (
			);
			outputPaths = (
			);
			runOnlyForDeploymentPostprocessing = 0;
			shellPath = /bin/sh;
			shellScript = "# Run the unit tests in this test bundle.\n\"${SYSTEM_DEVELOPER_DIR}/Tools/RunUnitTests\"\n";
		};
		87D05A05153DDAC200F2ABDA /* ShellScript */ = {
			isa = PBXShellScriptBuildPhase;
			buildActionMask = 2147483647;
			files = (
			);
			inputPaths = (
			);
			outputPaths = (
			);
			runOnlyForDeploymentPostprocessing = 0;
			shellPath = /bin/sh;
			shellScript = "./Crashlytics.framework/run 1febb39656510a8dc6a0354612148913d98d62b9";
		};
/* End PBXShellScriptBuildPhase section */

/* Begin PBXSourcesBuildPhase section */
		87D059BC153DC8A800F2ABDA /* Sources */ = {
			isa = PBXSourcesBuildPhase;
			buildActionMask = 2147483647;
			files = (
				87D059D1153DC8A800F2ABDA /* main.m in Sources */,
				87D059D5153DC8A800F2ABDA /* omAppDelegate.m in Sources */,
				87D059D8153DC8A800F2ABDA /* omViewController.m in Sources */,
				87D059FB153DC9FA00F2ABDA /* omTableView.m in Sources */,
				87005BBA153E05B600996480 /* omMaster.m in Sources */,
			);
			runOnlyForDeploymentPostprocessing = 0;
		};
		87D059DC153DC8A800F2ABDA /* Sources */ = {
			isa = PBXSourcesBuildPhase;
			buildActionMask = 2147483647;
			files = (
				87D059F0153DC8A800F2ABDA /* table_testTests.m in Sources */,
				87D059FC153DC9FA00F2ABDA /* omTableView.m in Sources */,
				87005BBB153E05B600996480 /* omMaster.m in Sources */,
			);
			runOnlyForDeploymentPostprocessing = 0;
		};
/* End PBXSourcesBuildPhase section */

/* Begin PBXTargetDependency section */
		87D059E7153DC8A800F2ABDA /* PBXTargetDependency */ = {
			isa = PBXTargetDependency;
			target = 87D059BF153DC8A800F2ABDA /* table test */;
			targetProxy = 87D059E6153DC8A800F2ABDA /* PBXContainerItemProxy */;
		};
/* End PBXTargetDependency section */

/* Begin PBXVariantGroup section */
		87D059CD153DC8A800F2ABDA /* InfoPlist.strings */ = {
			isa = PBXVariantGroup;
			children = (
				87D059CE153DC8A800F2ABDA /* en */,
			);
			name = InfoPlist.strings;
			sourceTree = "<group>";
		};
		87D059EB153DC8A800F2ABDA /* InfoPlist.strings */ = {
			isa = PBXVariantGroup;
			children = (
				87D059EC153DC8A800F2ABDA /* en */,
			);
			name = InfoPlist.strings;
			sourceTree = "<group>";
		};
/* End PBXVariantGroup section */

/* Begin XCBuildConfiguration section */
		87D059F1153DC8A800F2ABDA /* Debug */ = {
			isa = XCBuildConfiguration;
			buildSettings = {
				ALWAYS_SEARCH_USER_PATHS = NO;
				ARCHS = "$(ARCHS_STANDARD_32_BIT)";
				CLANG_ENABLE_OBJC_ARC = YES;
				"CODE_SIGN_IDENTITY[sdk=iphoneos*]" = "iPhone Developer";
				COPY_PHASE_STRIP = NO;
				GCC_C_LANGUAGE_STANDARD = gnu99;
				GCC_DYNAMIC_NO_PIC = NO;
				GCC_OPTIMIZATION_LEVEL = 0;
				GCC_PREPROCESSOR_DEFINITIONS = (
					"DEBUG=1",
					"$(inherited)",
				);
				GCC_SYMBOLS_PRIVATE_EXTERN = NO;
				GCC_VERSION = com.apple.compilers.llvm.clang.1_0;
				GCC_WARN_ABOUT_RETURN_TYPE = YES;
				GCC_WARN_UNINITIALIZED_AUTOS = YES;
				GCC_WARN_UNUSED_VARIABLE = YES;
				IPHONEOS_DEPLOYMENT_TARGET = 5.1;
				SDKROOT = iphoneos;
			};
			name = Debug;
		};
		87D059F2153DC8A800F2ABDA /* Release */ = {
			isa = XCBuildConfiguration;
			buildSettings = {
				ALWAYS_SEARCH_USER_PATHS = NO;
				ARCHS = "$(ARCHS_STANDARD_32_BIT)";
				CLANG_ENABLE_OBJC_ARC = YES;
				"CODE_SIGN_IDENTITY[sdk=iphoneos*]" = "iPhone Developer";
				COPY_PHASE_STRIP = YES;
				GCC_C_LANGUAGE_STANDARD = gnu99;
				GCC_VERSION = com.apple.compilers.llvm.clang.1_0;
				GCC_WARN_ABOUT_RETURN_TYPE = YES;
				GCC_WARN_UNINITIALIZED_AUTOS = YES;
				GCC_WARN_UNUSED_VARIABLE = YES;
				IPHONEOS_DEPLOYMENT_TARGET = 5.1;
				OTHER_CFLAGS = "-DNS_BLOCK_ASSERTIONS=1";
				SDKROOT = iphoneos;
				VALIDATE_PRODUCT = YES;
			};
			name = Release;
		};
		87D059F4153DC8A800F2ABDA /* Debug */ = {
			isa = XCBuildConfiguration;
			buildSettings = {
				FRAMEWORK_SEARCH_PATHS = (
					"$(inherited)",
					"\"$(SRCROOT)\"",
				);
				GCC_PRECOMPILE_PREFIX_HEADER = YES;
				GCC_PREFIX_HEADER = "table test/table test-Prefix.pch";
				INFOPLIST_FILE = "table test/table test-Info.plist";
				PRODUCT_NAME = "$(TARGET_NAME)";
				WRAPPER_EXTENSION = app;
			};
			name = Debug;
		};
		87D059F5153DC8A800F2ABDA /* Release */ = {
			isa = XCBuildConfiguration;
			buildSettings = {
				FRAMEWORK_SEARCH_PATHS = (
					"$(inherited)",
					"\"$(SRCROOT)\"",
				);
				GCC_PRECOMPILE_PREFIX_HEADER = YES;
				GCC_PREFIX_HEADER = "table test/table test-Prefix.pch";
				INFOPLIST_FILE = "table test/table test-Info.plist";
				PRODUCT_NAME = "$(TARGET_NAME)";
				WRAPPER_EXTENSION = app;
			};
			name = Release;
		};
		87D059F7153DC8A800F2ABDA /* Debug */ = {
			isa = XCBuildConfiguration;
			buildSettings = {
				BUNDLE_LOADER = "$(BUILT_PRODUCTS_DIR)/table test.app/table test";
				FRAMEWORK_SEARCH_PATHS = (
					"$(SDKROOT)/Developer/Library/Frameworks",
					"$(DEVELOPER_LIBRARY_DIR)/Frameworks",
					"\"$(SRCROOT)\"",
				);
				GCC_PRECOMPILE_PREFIX_HEADER = YES;
				GCC_PREFIX_HEADER = "table test/table test-Prefix.pch";
				INFOPLIST_FILE = "table testTests/table testTests-Info.plist";
				PRODUCT_NAME = "$(TARGET_NAME)";
				TEST_HOST = "$(BUNDLE_LOADER)";
				WRAPPER_EXTENSION = octest;
			};
			name = Debug;
		};
		87D059F8153DC8A800F2ABDA /* Release */ = {
			isa = XCBuildConfiguration;
			buildSettings = {
				BUNDLE_LOADER = "$(BUILT_PRODUCTS_DIR)/table test.app/table test";
				FRAMEWORK_SEARCH_PATHS = (
					"$(SDKROOT)/Developer/Library/Frameworks",
					"$(DEVELOPER_LIBRARY_DIR)/Frameworks",
					"\"$(SRCROOT)\"",
				);
				GCC_PRECOMPILE_PREFIX_HEADER = YES;
				GCC_PREFIX_HEADER = "table test/table test-Prefix.pch";
				INFOPLIST_FILE = "table testTests/table testTests-Info.plist";
				PRODUCT_NAME = "$(TARGET_NAME)";
				TEST_HOST = "$(BUNDLE_LOADER)";
				WRAPPER_EXTENSION = octest;
			};
			name = Release;
		};
/* End XCBuildConfiguration section */

/* Begin XCConfigurationList section */
		87D059BA153DC8A800F2ABDA /* Build configuration list for PBXProject "table test" */ = {
			isa = XCConfigurationList;
			buildConfigurations = (
				87D059F1153DC8A800F2ABDA /* Debug */,
				87D059F2153DC8A800F2ABDA /* Release */,
			);
			defaultConfigurationIsVisible = 0;
			defaultConfigurationName = Release;
		};
		87D059F3153DC8A800F2ABDA /* Build configuration list for PBXNativeTarget "table test" */ = {
			isa = XCConfigurationList;
			buildConfigurations = (
				87D059F4153DC8A800F2ABDA /* Debug */,
				87D059F5153DC8A800F2ABDA /* Release */,
			);
			defaultConfigurationIsVisible = 0;
			defaultConfigurationName = Release;
		};
		87D059F6153DC8A800F2ABDA /* Build configuration list for PBXNativeTarget "table testTests" */ = {
			isa = XCConfigurationList;
			buildConfigurations = (
				87D059F7153DC8A800F2ABDA /* Debug */,
				87D059F8153DC8A800F2ABDA /* Release */,
			);
			defaultConfigurationIsVisible = 0;
			defaultConfigurationName = Release;
		};
/* End XCConfigurationList section */
	};
	rootObject = 87D059B7153DC8A800F2ABDA /* Project object */;
}
